
Microsoft Visual Studio Solution File, Format Version 12.00
# Visual Studio 14
VisualStudioVersion = 14.0.25420.1
MinimumVisualStudioVersion = 10.0.40219.1
Project("{FAE04EC0-301F-11D3-BF4B-00C04F79EFBC}") = "CarLot", "CarLot\CarLot.csproj", "{2AC06FD1-4F48-4A8D-BC1A-3C59086C6AB7}"
EndProject
Project("{FAE04EC0-301F-11D3-BF4B-00C04F79EFBC}") = "CarLot.Specs", "CarLot.Specs\CarLot.Specs.csproj", "{9083D41A-1362-475A-9C15-523C60CE7D6B}"
EndProject
Global
	GlobalSection(SolutionConfigurationPlatforms) = preSolution
		Debug|Any CPU = Debug|Any CPU
		Release|Any CPU = Release|Any CPU
	EndGlobalSection
	GlobalSection(ProjectConfigurationPlatforms) = postSolution
		{2AC06FD1-4F48-4A8D-BC1A-3C59086C6AB7}.Debug|Any CPU.ActiveCfg = Debug|Any CPU
		{2AC06FD1-4F48-4A8D-BC1A-3C59086C6AB7}.Debug|Any CPU.Build.0 = Debug|Any CPU
		{2AC06FD1-4F48-4A8D-BC1A-3C59086C6AB7}.Release|Any CPU.ActiveCfg = Release|Any CPU
		{2AC06FD1-4F48-4A8D-BC1A-3C59086C6AB7}.Release|Any CPU.Build.0 = Release|Any CPU
		{9083D41A-1362-475A-9C15-523C60CE7D6B}.Debug|Any CPU.ActiveCfg = Debug|Any CPU
		{9083D41A-1362-475A-9C15-523C60CE7D6B}.Debug|Any CPU.Build.0 = Debug|Any CPU
		{9083D41A-1362-475A-9C15-523C60CE7D6B}.Release|Any CPU.ActiveCfg = Release|Any CPU
		{9083D41A-1362-475A-9C15-523C60CE7D6B}.Release|Any CPU.Build.0 = Release|Any CPU
	EndGlobalSection
	GlobalSection(SolutionProperties) = preSolution
		HideSolutionNode = FALSE
	EndGlobalSection
	GlobalSection(TeamFoundationVersionControl) = preSolution
		SccNumberOfProjects = 3
		SccEnterpriseProvider = {4CA58AB2-18FA-4F8D-95D4-32DDF27D184C}
		SccTeamFoundationServer = https://atbash.visualstudio.com/
		SccLocalPath0 = .
		SccProjectUniqueName1 = CarLot\\CarLot.csproj
		SccProjectName1 = CarLot
		SccLocalPath1 = CarLot
		SccProjectUniqueName2 = CarLot.Specs\\CarLot.Specs.csproj
		SccProjectName2 = CarLot.Specs
		SccLocalPath2 = CarLot.Specs
	EndGlobalSection
EndGlobal
